
Microsoft Visual Studio Solution File, Format Version 12.00
# Visual Studio 15
VisualStudioVersion = 15.0.27428.2037
MinimumVisualStudioVersion = 10.0.40219.1
Project("{8BC9CEB8-8B4A-11D0-8D11-00A0C91BC942}") = "校园卡", "校园卡\校园卡.vcxproj", "{37417047-9D87-492D-A573-78A7B94F4130}"
EndProject
Global
	GlobalSection(SolutionConfigurationPlatforms) = preSolution
		Debug|x64 = Debug|x64
		Debug|x86 = Debug|x86
		Release|x64 = Release|x64
		Release|x86 = Release|x86
	EndGlobalSection
	GlobalSection(ProjectConfigurationPlatforms) = postSolution
		{37417047-9D87-492D-A573-78A7B94F4130}.Debug|x64.ActiveCfg = Debug|x64
		{37417047-9D87-492D-A573-78A7B94F4130}.Debug|x64.Build.0 = Debug|x64
		{37417047-9D87-492D-A573-78A7B94F4130}.Debug|x86.ActiveCfg = Debug|Win32
		{37417047-9D87-492D-A573-78A7B94F4130}.Debug|x86.Build.0 = Debug|Win32
		{37417047-9D87-492D-A573-78A7B94F4130}.Release|x64.ActiveCfg = Release|x64
		{37417047-9D87-492D-A573-78A7B94F4130}.Release|x64.Build.0 = Release|x64
		{37417047-9D87-492D-A573-78A7B94F4130}.Release|x86.ActiveCfg = Release|Win32
		{37417047-9D87-492D-A573-78A7B94F4130}.Release|x86.Build.0 = Release|Win32
	EndGlobalSection
	GlobalSection(SolutionProperties) = preSolution
		HideSolutionNode = FALSE
	EndGlobalSection
	GlobalSection(ExtensibilityGlobals) = postSolution
		SolutionGuid = {9C687A8D-9C0F-4E8B-A77B-43DC99A58271}
	EndGlobalSection
EndGlobal
